
Microsoft Visual Studio Solution File, Format Version 12.00
# Visual Studio Version 17
VisualStudioVersion = 17.1.32414.318
MinimumVisualStudioVersion = 10.0.40219.1
Project("{FAE04EC0-301F-11D3-BF4B-00C04F79EFBC}") = "VKR", "VKR\VKR.csproj", "{83078C1C-DC38-4042-B1C3-09B722BD3472}"
EndProject
Global
	GlobalSection(SolutionConfigurationPlatforms) = preSolution
		Debug|Any CPU = Debug|Any CPU
		Release|Any CPU = Release|Any CPU
	EndGlobalSection
	GlobalSection(ProjectConfigurationPlatforms) = postSolution
		{83078C1C-DC38-4042-B1C3-09B722BD3472}.Debug|Any CPU.ActiveCfg = Debug|Any CPU
		{83078C1C-DC38-4042-B1C3-09B722BD3472}.Debug|Any CPU.Build.0 = Debug|Any CPU
		{83078C1C-DC38-4042-B1C3-09B722BD3472}.Release|Any CPU.ActiveCfg = Release|Any CPU
		{83078C1C-DC38-4042-B1C3-09B722BD3472}.Release|Any CPU.Build.0 = Release|Any CPU
	EndGlobalSection
	GlobalSection(SolutionProperties) = preSolution
		HideSolutionNode = FALSE
	EndGlobalSection
	GlobalSection(ExtensibilityGlobals) = postSolution
		SolutionGuid = {38B75B6A-C246-4816-8D09-3C96F0745122}
	EndGlobalSection
EndGlobal
